
Microsoft Visual Studio Solution File, Format Version 12.00
# Visual Studio Version 17
VisualStudioVersion = 17.11.35219.272
MinimumVisualStudioVersion = 10.0.40219.1
Project("{FAE04EC0-301F-11D3-BF4B-00C04F79EFBC}") = "FtpExercise", "FtpExercise\FtpExercise.csproj", "{3C1D43C5-8385-4CFA-88AB-231F0DCB5B95}"
EndProject
Global
	GlobalSection(SolutionConfigurationPlatforms) = preSolution
		Debug|Any CPU = Debug|Any CPU
		Release|Any CPU = Release|Any CPU
	EndGlobalSection
	GlobalSection(ProjectConfigurationPlatforms) = postSolution
		{3C1D43C5-8385-4CFA-88AB-231F0DCB5B95}.Debug|Any CPU.ActiveCfg = Debug|Any CPU
		{3C1D43C5-8385-4CFA-88AB-231F0DCB5B95}.Debug|Any CPU.Build.0 = Debug|Any CPU
		{3C1D43C5-8385-4CFA-88AB-231F0DCB5B95}.Release|Any CPU.ActiveCfg = Release|Any CPU
		{3C1D43C5-8385-4CFA-88AB-231F0DCB5B95}.Release|Any CPU.Build.0 = Release|Any CPU
	EndGlobalSection
	GlobalSection(SolutionProperties) = preSolution
		HideSolutionNode = FALSE
	EndGlobalSection
	GlobalSection(ExtensibilityGlobals) = postSolution
		SolutionGuid = {413E79B9-FEE6-4FAD-82D2-F40AE2491730}
	EndGlobalSection
EndGlobal
